// !$*UTF8*$!
{
	archiveVersion = 1;
	classes = {
	};
	objectVersion = 56;
	objects = {

/* Begin PBXBuildFile section */
		3F0C89D42A44737F005A5613 /* AppDelegate.swift in Sources */ = {isa = PBXBuildFile; fileRef = 3F0C89D32A44737F005A5613 /* AppDelegate.swift */; };
		3F0C89D62A44737F005A5613 /* SceneDelegate.swift in Sources */ = {isa = PBXBuildFile; fileRef = 3F0C89D52A44737F005A5613 /* SceneDelegate.swift */; };
		3F0C89DD2A447387005A5613 /* Assets.xcassets in Resources */ = {isa = PBXBuildFile; fileRef = 3F0C89DC2A447387005A5613 /* Assets.xcassets */; };
		3F0C89E02A447387005A5613 /* LaunchScreen.storyboard in Resources */ = {isa = PBXBuildFile; fileRef = 3F0C89DE2A447387005A5613 /* LaunchScreen.storyboard */; };
		3F0C89EA2A447D91005A5613 /* Coordinator.swift in Sources */ = {isa = PBXBuildFile; fileRef = 3F0C89E92A447D91005A5613 /* Coordinator.swift */; };
		3F0C89EC2A447F13005A5613 /* AppCoordinator.swift in Sources */ = {isa = PBXBuildFile; fileRef = 3F0C89EB2A447F13005A5613 /* AppCoordinator.swift */; };
		3F0C89EF2A448034005A5613 /* MainTabsCoordinator.swift in Sources */ = {isa = PBXBuildFile; fileRef = 3F0C89EE2A448034005A5613 /* MainTabsCoordinator.swift */; };
		3F0C89F52A4483EC005A5613 /* MainMenuView.swift in Sources */ = {isa = PBXBuildFile; fileRef = 3F0C89F42A4483EB005A5613 /* MainMenuView.swift */; };
		3F0C89F72A448431005A5613 /* MenuCoordinator.swift in Sources */ = {isa = PBXBuildFile; fileRef = 3F0C89F62A448431005A5613 /* MenuCoordinator.swift */; };
		3F0C89FB2A44853C005A5613 /* Icon.swift in Sources */ = {isa = PBXBuildFile; fileRef = 3F0C89FA2A44853C005A5613 /* Icon.swift */; };
		3F0C89FE2A448B1E005A5613 /* ContactsView.swift in Sources */ = {isa = PBXBuildFile; fileRef = 3F0C89FD2A448B1E005A5613 /* ContactsView.swift */; };
		3F0C8A002A448B43005A5613 /* MainMenuPresenter.swift in Sources */ = {isa = PBXBuildFile; fileRef = 3F0C89FF2A448B43005A5613 /* MainMenuPresenter.swift */; };
		3F0C8A082A449526005A5613 /* ContactsPresenter.swift in Sources */ = {isa = PBXBuildFile; fileRef = 3F0C8A072A449526005A5613 /* ContactsPresenter.swift */; };
		3F0C8A0A2A44953E005A5613 /* ProfileView.swift in Sources */ = {isa = PBXBuildFile; fileRef = 3F0C8A092A44953E005A5613 /* ProfileView.swift */; };
		3F0C8A0C2A449552005A5613 /* ProfilePresenter.swift in Sources */ = {isa = PBXBuildFile; fileRef = 3F0C8A0B2A449552005A5613 /* ProfilePresenter.swift */; };
		3F0C8A0E2A44956C005A5613 /* BasketView.swift in Sources */ = {isa = PBXBuildFile; fileRef = 3F0C8A0D2A44956C005A5613 /* BasketView.swift */; };
		3F0C8A102A44957E005A5613 /* BasketPresenter.swift in Sources */ = {isa = PBXBuildFile; fileRef = 3F0C8A0F2A44957E005A5613 /* BasketPresenter.swift */; };
		3F0C8A122A4495A2005A5613 /* ContactsCoordinator.swift in Sources */ = {isa = PBXBuildFile; fileRef = 3F0C8A112A4495A2005A5613 /* ContactsCoordinator.swift */; };
		3F0C8A142A4495B7005A5613 /* ProfileCoordinator.swift in Sources */ = {isa = PBXBuildFile; fileRef = 3F0C8A132A4495B7005A5613 /* ProfileCoordinator.swift */; };
		3F0C8A162A4495D4005A5613 /* BasketCoordinator.swift in Sources */ = {isa = PBXBuildFile; fileRef = 3F0C8A152A4495D4005A5613 /* BasketCoordinator.swift */; };
		3F0C8A182A4499AA005A5613 /* ColorScheme.swift in Sources */ = {isa = PBXBuildFile; fileRef = 3F0C8A172A4499AA005A5613 /* ColorScheme.swift */; };
		3F0C8A1B2A44B878005A5613 /* Menu.swift in Sources */ = {isa = PBXBuildFile; fileRef = 3F0C8A1A2A44B878005A5613 /* Menu.swift */; };
		3F0C8A1D2A44B92F005A5613 /* MenuItem.swift in Sources */ = {isa = PBXBuildFile; fileRef = 3F0C8A1C2A44B92F005A5613 /* MenuItem.swift */; };
		3F0C8A1F2A44B960005A5613 /* MenuProvider.swift in Sources */ = {isa = PBXBuildFile; fileRef = 3F0C8A1E2A44B960005A5613 /* MenuProvider.swift */; };
		3F0C8A222A44CB86005A5613 /* RealmSwift in Frameworks */ = {isa = PBXBuildFile; productRef = 3F0C8A212A44CB86005A5613 /* RealmSwift */; };
		3F0C8A242A44CF89005A5613 /* PromoBanner.swift in Sources */ = {isa = PBXBuildFile; fileRef = 3F0C8A232A44CF89005A5613 /* PromoBanner.swift */; };
		3F0C8A272A44D4EE005A5613 /* MenuCategory.swift in Sources */ = {isa = PBXBuildFile; fileRef = 3F0C8A262A44D4EE005A5613 /* MenuCategory.swift */; };
/* End PBXBuildFile section */

/* Begin PBXFileReference section */
		3F0C89D02A44737F005A5613 /* pizza-demo.app */ = {isa = PBXFileReference; explicitFileType = wrapper.application; includeInIndex = 0; path = "pizza-demo.app"; sourceTree = BUILT_PRODUCTS_DIR; };
		3F0C89D32A44737F005A5613 /* AppDelegate.swift */ = {isa = PBXFileReference; lastKnownFileType = sourcecode.swift; path = AppDelegate.swift; sourceTree = "<group>"; };
		3F0C89D52A44737F005A5613 /* SceneDelegate.swift */ = {isa = PBXFileReference; lastKnownFileType = sourcecode.swift; path = SceneDelegate.swift; sourceTree = "<group>"; };
		3F0C89DC2A447387005A5613 /* Assets.xcassets */ = {isa = PBXFileReference; lastKnownFileType = folder.assetcatalog; path = Assets.xcassets; sourceTree = "<group>"; };
		3F0C89DF2A447387005A5613 /* Base */ = {isa = PBXFileReference; lastKnownFileType = file.storyboard; name = Base; path = Base.lproj/LaunchScreen.storyboard; sourceTree = "<group>"; };
		3F0C89E12A447387005A5613 /* Info.plist */ = {isa = PBXFileReference; lastKnownFileType = text.plist.xml; path = Info.plist; sourceTree = "<group>"; };
		3F0C89E92A447D91005A5613 /* Coordinator.swift */ = {isa = PBXFileReference; lastKnownFileType = sourcecode.swift; path = Coordinator.swift; sourceTree = "<group>"; };
		3F0C89EB2A447F13005A5613 /* AppCoordinator.swift */ = {isa = PBXFileReference; lastKnownFileType = sourcecode.swift; path = AppCoordinator.swift; sourceTree = "<group>"; };
		3F0C89EE2A448034005A5613 /* MainTabsCoordinator.swift */ = {isa = PBXFileReference; lastKnownFileType = sourcecode.swift; path = MainTabsCoordinator.swift; sourceTree = "<group>"; };
		3F0C89F42A4483EB005A5613 /* MainMenuView.swift */ = {isa = PBXFileReference; lastKnownFileType = sourcecode.swift; path = MainMenuView.swift; sourceTree = "<group>"; };
		3F0C89F62A448431005A5613 /* MenuCoordinator.swift */ = {isa = PBXFileReference; lastKnownFileType = sourcecode.swift; path = MenuCoordinator.swift; sourceTree = "<group>"; };
		3F0C89FA2A44853C005A5613 /* Icon.swift */ = {isa = PBXFileReference; lastKnownFileType = sourcecode.swift; path = Icon.swift; sourceTree = "<group>"; };
		3F0C89FD2A448B1E005A5613 /* ContactsView.swift */ = {isa = PBXFileReference; lastKnownFileType = sourcecode.swift; path = ContactsView.swift; sourceTree = "<group>"; };
		3F0C89FF2A448B43005A5613 /* MainMenuPresenter.swift */ = {isa = PBXFileReference; lastKnownFileType = sourcecode.swift; path = MainMenuPresenter.swift; sourceTree = "<group>"; };
		3F0C8A072A449526005A5613 /* ContactsPresenter.swift */ = {isa = PBXFileReference; lastKnownFileType = sourcecode.swift; path = ContactsPresenter.swift; sourceTree = "<group>"; };
		3F0C8A092A44953E005A5613 /* ProfileView.swift */ = {isa = PBXFileReference; lastKnownFileType = sourcecode.swift; path = ProfileView.swift; sourceTree = "<group>"; };
		3F0C8A0B2A449552005A5613 /* ProfilePresenter.swift */ = {isa = PBXFileReference; lastKnownFileType = sourcecode.swift; path = ProfilePresenter.swift; sourceTree = "<group>"; };
		3F0C8A0D2A44956C005A5613 /* BasketView.swift */ = {isa = PBXFileReference; lastKnownFileType = sourcecode.swift; path = BasketView.swift; sourceTree = "<group>"; };
		3F0C8A0F2A44957E005A5613 /* BasketPresenter.swift */ = {isa = PBXFileReference; lastKnownFileType = sourcecode.swift; path = BasketPresenter.swift; sourceTree = "<group>"; };
		3F0C8A112A4495A2005A5613 /* ContactsCoordinator.swift */ = {isa = PBXFileReference; lastKnownFileType = sourcecode.swift; path = ContactsCoordinator.swift; sourceTree = "<group>"; };
		3F0C8A132A4495B7005A5613 /* ProfileCoordinator.swift */ = {isa = PBXFileReference; lastKnownFileType = sourcecode.swift; path = ProfileCoordinator.swift; sourceTree = "<group>"; };
		3F0C8A152A4495D4005A5613 /* BasketCoordinator.swift */ = {isa = PBXFileReference; lastKnownFileType = sourcecode.swift; path = BasketCoordinator.swift; sourceTree = "<group>"; };
		3F0C8A172A4499AA005A5613 /* ColorScheme.swift */ = {isa = PBXFileReference; lastKnownFileType = sourcecode.swift; path = ColorScheme.swift; sourceTree = "<group>"; };
		3F0C8A1A2A44B878005A5613 /* Menu.swift */ = {isa = PBXFileReference; lastKnownFileType = sourcecode.swift; path = Menu.swift; sourceTree = "<group>"; };
		3F0C8A1C2A44B92F005A5613 /* MenuItem.swift */ = {isa = PBXFileReference; lastKnownFileType = sourcecode.swift; path = MenuItem.swift; sourceTree = "<group>"; };
		3F0C8A1E2A44B960005A5613 /* MenuProvider.swift */ = {isa = PBXFileReference; lastKnownFileType = sourcecode.swift; path = MenuProvider.swift; sourceTree = "<group>"; };
		3F0C8A232A44CF89005A5613 /* PromoBanner.swift */ = {isa = PBXFileReference; lastKnownFileType = sourcecode.swift; path = PromoBanner.swift; sourceTree = "<group>"; };
		3F0C8A262A44D4EE005A5613 /* MenuCategory.swift */ = {isa = PBXFileReference; lastKnownFileType = sourcecode.swift; path = MenuCategory.swift; sourceTree = "<group>"; };
/* End PBXFileReference section */

/* Begin PBXFrameworksBuildPhase section */
		3F0C89CD2A44737F005A5613 /* Frameworks */ = {
			isa = PBXFrameworksBuildPhase;
			buildActionMask = 2147483647;
			files = (
				3F0C8A222A44CB86005A5613 /* RealmSwift in Frameworks */,
			);
			runOnlyForDeploymentPostprocessing = 0;
		};
/* End PBXFrameworksBuildPhase section */

/* Begin PBXGroup section */
		3F0C89C72A44737F005A5613 = {
			isa = PBXGroup;
			children = (
				3F0C89D22A44737F005A5613 /* pizza-demo */,
				3F0C89D12A44737F005A5613 /* Products */,
			);
			sourceTree = "<group>";
		};
		3F0C89D12A44737F005A5613 /* Products */ = {
			isa = PBXGroup;
			children = (
				3F0C89D02A44737F005A5613 /* pizza-demo.app */,
			);
			name = Products;
			sourceTree = "<group>";
		};
		3F0C89D22A44737F005A5613 /* pizza-demo */ = {
			isa = PBXGroup;
			children = (
				3F0C8A282A45AAF1005A5613 /* Assets */,
				3F0C89E82A447AD3005A5613 /* AppProtocols */,
				3F0C89E72A4479C0005A5613 /* App */,
				3F0C89F82A448500005A5613 /* Design */,
				3F0C89ED2A447FE7005A5613 /* MainTabs */,
				3F0C8A192A44B7CD005A5613 /* Model */,
				3F0C8A252A44D04F005A5613 /* Services */,
			);
			path = "pizza-demo";
			sourceTree = "<group>";
		};
		3F0C89E72A4479C0005A5613 /* App */ = {
			isa = PBXGroup;
			children = (
				3F0C89EB2A447F13005A5613 /* AppCoordinator.swift */,
				3F0C89D32A44737F005A5613 /* AppDelegate.swift */,
				3F0C89D52A44737F005A5613 /* SceneDelegate.swift */,
				3F0C89E12A447387005A5613 /* Info.plist */,
			);
			path = App;
			sourceTree = "<group>";
		};
		3F0C89E82A447AD3005A5613 /* AppProtocols */ = {
			isa = PBXGroup;
			children = (
				3F0C89E92A447D91005A5613 /* Coordinator.swift */,
			);
			path = AppProtocols;
			sourceTree = "<group>";
		};
		3F0C89ED2A447FE7005A5613 /* MainTabs */ = {
			isa = PBXGroup;
			children = (
				3F0C89F02A44814E005A5613 /* Menu */,
				3F0C89F12A448155005A5613 /* Contacts */,
				3F0C89F22A448166005A5613 /* Profile */,
				3F0C89F32A448170005A5613 /* Basket */,
				3F0C89EE2A448034005A5613 /* MainTabsCoordinator.swift */,
			);
			path = MainTabs;
			sourceTree = "<group>";
		};
		3F0C89F02A44814E005A5613 /* Menu */ = {
			isa = PBXGroup;
			children = (
				3F0C89FC2A4487D8005A5613 /* MainMenu */,
				3F0C89F62A448431005A5613 /* MenuCoordinator.swift */,
			);
			path = Menu;
			sourceTree = "<group>";
		};
		3F0C89F12A448155005A5613 /* Contacts */ = {
			isa = PBXGroup;
			children = (
				3F0C89FD2A448B1E005A5613 /* ContactsView.swift */,
				3F0C8A072A449526005A5613 /* ContactsPresenter.swift */,
				3F0C8A112A4495A2005A5613 /* ContactsCoordinator.swift */,
			);
			path = Contacts;
			sourceTree = "<group>";
		};
		3F0C89F22A448166005A5613 /* Profile */ = {
			isa = PBXGroup;
			children = (
				3F0C8A092A44953E005A5613 /* ProfileView.swift */,
				3F0C8A0B2A449552005A5613 /* ProfilePresenter.swift */,
				3F0C8A132A4495B7005A5613 /* ProfileCoordinator.swift */,
			);
			path = Profile;
			sourceTree = "<group>";
		};
		3F0C89F32A448170005A5613 /* Basket */ = {
			isa = PBXGroup;
			children = (
				3F0C8A0D2A44956C005A5613 /* BasketView.swift */,
				3F0C8A0F2A44957E005A5613 /* BasketPresenter.swift */,
				3F0C8A152A4495D4005A5613 /* BasketCoordinator.swift */,
			);
			path = Basket;
			sourceTree = "<group>";
		};
		3F0C89F82A448500005A5613 /* Design */ = {
			isa = PBXGroup;
			children = (
				3F0C89F92A448523005A5613 /* Content */,
			);
			path = Design;
			sourceTree = "<group>";
		};
		3F0C89F92A448523005A5613 /* Content */ = {
			isa = PBXGroup;
			children = (
				3F0C89FA2A44853C005A5613 /* Icon.swift */,
				3F0C8A172A4499AA005A5613 /* ColorScheme.swift */,
			);
			path = Content;
			sourceTree = "<group>";
		};
		3F0C89FC2A4487D8005A5613 /* MainMenu */ = {
			isa = PBXGroup;
			children = (
				3F0C89F42A4483EB005A5613 /* MainMenuView.swift */,
				3F0C89FF2A448B43005A5613 /* MainMenuPresenter.swift */,
			);
			path = MainMenu;
			sourceTree = "<group>";
		};
		3F0C8A192A44B7CD005A5613 /* Model */ = {
			isa = PBXGroup;
			children = (
				3F0C8A1A2A44B878005A5613 /* Menu.swift */,
				3F0C8A1C2A44B92F005A5613 /* MenuItem.swift */,
				3F0C8A232A44CF89005A5613 /* PromoBanner.swift */,
				3F0C8A262A44D4EE005A5613 /* MenuCategory.swift */,
			);
			path = Model;
			sourceTree = "<group>";
		};
		3F0C8A252A44D04F005A5613 /* Services */ = {
			isa = PBXGroup;
			children = (
				3F0C8A1E2A44B960005A5613 /* MenuProvider.swift */,
			);
			path = Services;
			sourceTree = "<group>";
		};
		3F0C8A282A45AAF1005A5613 /* Assets */ = {
			isa = PBXGroup;
			children = (
				3F0C89DC2A447387005A5613 /* Assets.xcassets */,
				3F0C89DE2A447387005A5613 /* LaunchScreen.storyboard */,
			);
			path = Assets;
			sourceTree = "<group>";
		};
/* End PBXGroup section */

/* Begin PBXNativeTarget section */
		3F0C89CF2A44737F005A5613 /* pizza-demo */ = {
			isa = PBXNativeTarget;
			buildConfigurationList = 3F0C89E42A447387005A5613 /* Build configuration list for PBXNativeTarget "pizza-demo" */;
			buildPhases = (
				3F0C89CC2A44737F005A5613 /* Sources */,
				3F0C89CD2A44737F005A5613 /* Frameworks */,
				3F0C89CE2A44737F005A5613 /* Resources */,
			);
			buildRules = (
			);
			dependencies = (
			);
			name = "pizza-demo";
			packageProductDependencies = (
				3F0C8A212A44CB86005A5613 /* RealmSwift */,
			);
			productName = "pizza-demo";
			productReference = 3F0C89D02A44737F005A5613 /* pizza-demo.app */;
			productType = "com.apple.product-type.application";
		};
/* End PBXNativeTarget section */

/* Begin PBXProject section */
		3F0C89C82A44737F005A5613 /* Project object */ = {
			isa = PBXProject;
			attributes = {
				BuildIndependentTargetsInParallel = 1;
				LastSwiftUpdateCheck = 1420;
				LastUpgradeCheck = 1420;
				TargetAttributes = {
					3F0C89CF2A44737F005A5613 = {
						CreatedOnToolsVersion = 14.2;
					};
				};
			};
			buildConfigurationList = 3F0C89CB2A44737F005A5613 /* Build configuration list for PBXProject "pizza-demo" */;
			compatibilityVersion = "Xcode 14.0";
			developmentRegion = en;
			hasScannedForEncodings = 0;
			knownRegions = (
				en,
				Base,
			);
			mainGroup = 3F0C89C72A44737F005A5613;
			packageReferences = (
				3F0C8A202A44CB86005A5613 /* XCRemoteSwiftPackageReference "realm-swift" */,
			);
			productRefGroup = 3F0C89D12A44737F005A5613 /* Products */;
			projectDirPath = "";
			projectRoot = "";
			targets = (
				3F0C89CF2A44737F005A5613 /* pizza-demo */,
			);
		};
/* End PBXProject section */

/* Begin PBXResourcesBuildPhase section */
		3F0C89CE2A44737F005A5613 /* Resources */ = {
			isa = PBXResourcesBuildPhase;
			buildActionMask = 2147483647;
			files = (
				3F0C89E02A447387005A5613 /* LaunchScreen.storyboard in Resources */,
				3F0C89DD2A447387005A5613 /* Assets.xcassets in Resources */,
			);
			runOnlyForDeploymentPostprocessing = 0;
		};
/* End PBXResourcesBuildPhase section */

/* Begin PBXSourcesBuildPhase section */
		3F0C89CC2A44737F005A5613 /* Sources */ = {
			isa = PBXSourcesBuildPhase;
			buildActionMask = 2147483647;
			files = (
				3F0C8A0E2A44956C005A5613 /* BasketView.swift in Sources */,
				3F0C89EA2A447D91005A5613 /* Coordinator.swift in Sources */,
				3F0C8A122A4495A2005A5613 /* ContactsCoordinator.swift in Sources */,
				3F0C8A102A44957E005A5613 /* BasketPresenter.swift in Sources */,
				3F0C8A0A2A44953E005A5613 /* ProfileView.swift in Sources */,
				3F0C8A082A449526005A5613 /* ContactsPresenter.swift in Sources */,
				3F0C89F72A448431005A5613 /* MenuCoordinator.swift in Sources */,
				3F0C8A162A4495D4005A5613 /* BasketCoordinator.swift in Sources */,
				3F0C8A1B2A44B878005A5613 /* Menu.swift in Sources */,
				3F0C89FE2A448B1E005A5613 /* ContactsView.swift in Sources */,
				3F0C89FB2A44853C005A5613 /* Icon.swift in Sources */,
				3F0C89EC2A447F13005A5613 /* AppCoordinator.swift in Sources */,
				3F0C89F52A4483EC005A5613 /* MainMenuView.swift in Sources */,
				3F0C8A1F2A44B960005A5613 /* MenuProvider.swift in Sources */,
				3F0C8A242A44CF89005A5613 /* PromoBanner.swift in Sources */,
				3F0C8A182A4499AA005A5613 /* ColorScheme.swift in Sources */,
				3F0C8A002A448B43005A5613 /* MainMenuPresenter.swift in Sources */,
				3F0C8A0C2A449552005A5613 /* ProfilePresenter.swift in Sources */,
				3F0C8A272A44D4EE005A5613 /* MenuCategory.swift in Sources */,
				3F0C89EF2A448034005A5613 /* MainTabsCoordinator.swift in Sources */,
				3F0C89D42A44737F005A5613 /* AppDelegate.swift in Sources */,
				3F0C8A1D2A44B92F005A5613 /* MenuItem.swift in Sources */,
				3F0C8A142A4495B7005A5613 /* ProfileCoordinator.swift in Sources */,
				3F0C89D62A44737F005A5613 /* SceneDelegate.swift in Sources */,
			);
			runOnlyForDeploymentPostprocessing = 0;
		};
/* End PBXSourcesBuildPhase section */

/* Begin PBXVariantGroup section */
		3F0C89DE2A447387005A5613 /* LaunchScreen.storyboard */ = {
			isa = PBXVariantGroup;
			children = (
				3F0C89DF2A447387005A5613 /* Base */,
			);
			name = LaunchScreen.storyboard;
			sourceTree = "<group>";
		};
/* End PBXVariantGroup section */

/* Begin XCBuildConfiguration section */
		3F0C89E22A447387005A5613 /* Debug */ = {
			isa = XCBuildConfiguration;
			buildSettings = {
				ALWAYS_SEARCH_USER_PATHS = NO;
				CLANG_ANALYZER_NONNULL = YES;
				CLANG_ANALYZER_NUMBER_OBJECT_CONVERSION = YES_AGGRESSIVE;
				CLANG_CXX_LANGUAGE_STANDARD = "gnu++20";
				CLANG_ENABLE_MODULES = YES;
				CLANG_ENABLE_OBJC_ARC = YES;
				CLANG_ENABLE_OBJC_WEAK = YES;
				CLANG_WARN_BLOCK_CAPTURE_AUTORELEASING = YES;
				CLANG_WARN_BOOL_CONVERSION = YES;
				CLANG_WARN_COMMA = YES;
				CLANG_WARN_CONSTANT_CONVERSION = YES;
				CLANG_WARN_DEPRECATED_OBJC_IMPLEMENTATIONS = YES;
				CLANG_WARN_DIRECT_OBJC_ISA_USAGE = YES_ERROR;
				CLANG_WARN_DOCUMENTATION_COMMENTS = YES;
				CLANG_WARN_EMPTY_BODY = YES;
				CLANG_WARN_ENUM_CONVERSION = YES;
				CLANG_WARN_INFINITE_RECURSION = YES;
				CLANG_WARN_INT_CONVERSION = YES;
				CLANG_WARN_NON_LITERAL_NULL_CONVERSION = YES;
				CLANG_WARN_OBJC_IMPLICIT_RETAIN_SELF = YES;
				CLANG_WARN_OBJC_LITERAL_CONVERSION = YES;
				CLANG_WARN_OBJC_ROOT_CLASS = YES_ERROR;
				CLANG_WARN_QUOTED_INCLUDE_IN_FRAMEWORK_HEADER = YES;
				CLANG_WARN_RANGE_LOOP_ANALYSIS = YES;
				CLANG_WARN_STRICT_PROTOTYPES = YES;
				CLANG_WARN_SUSPICIOUS_MOVE = YES;
				CLANG_WARN_UNGUARDED_AVAILABILITY = YES_AGGRESSIVE;
				CLANG_WARN_UNREACHABLE_CODE = YES;
				CLANG_WARN__DUPLICATE_METHOD_MATCH = YES;
				COPY_PHASE_STRIP = NO;
				DEBUG_INFORMATION_FORMAT = dwarf;
				ENABLE_STRICT_OBJC_MSGSEND = YES;
				ENABLE_TESTABILITY = YES;
				GCC_C_LANGUAGE_STANDARD = gnu11;
				GCC_DYNAMIC_NO_PIC = NO;
				GCC_NO_COMMON_BLOCKS = YES;
				GCC_OPTIMIZATION_LEVEL = 0;
				GCC_PREPROCESSOR_DEFINITIONS = (
					"DEBUG=1",
					"$(inherited)",
				);
				GCC_WARN_64_TO_32_BIT_CONVERSION = YES;
				GCC_WARN_ABOUT_RETURN_TYPE = YES_ERROR;
				GCC_WARN_UNDECLARED_SELECTOR = YES;
				GCC_WARN_UNINITIALIZED_AUTOS = YES_AGGRESSIVE;
				GCC_WARN_UNUSED_FUNCTION = YES;
				GCC_WARN_UNUSED_VARIABLE = YES;
				IPHONEOS_DEPLOYMENT_TARGET = 15.0;
				MTL_ENABLE_DEBUG_INFO = INCLUDE_SOURCE;
				MTL_FAST_MATH = YES;
				ONLY_ACTIVE_ARCH = YES;
				SDKROOT = iphoneos;
				SWIFT_ACTIVE_COMPILATION_CONDITIONS = DEBUG;
				SWIFT_OPTIMIZATION_LEVEL = "-Onone";
			};
			name = Debug;
		};
		3F0C89E32A447387005A5613 /* Release */ = {
			isa = XCBuildConfiguration;
			buildSettings = {
				ALWAYS_SEARCH_USER_PATHS = NO;
				CLANG_ANALYZER_NONNULL = YES;
				CLANG_ANALYZER_NUMBER_OBJECT_CONVERSION = YES_AGGRESSIVE;
				CLANG_CXX_LANGUAGE_STANDARD = "gnu++20";
				CLANG_ENABLE_MODULES = YES;
				CLANG_ENABLE_OBJC_ARC = YES;
				CLANG_ENABLE_OBJC_WEAK = YES;
				CLANG_WARN_BLOCK_CAPTURE_AUTORELEASING = YES;
				CLANG_WARN_BOOL_CONVERSION = YES;
				CLANG_WARN_COMMA = YES;
				CLANG_WARN_CONSTANT_CONVERSION = YES;
				CLANG_WARN_DEPRECATED_OBJC_IMPLEMENTATIONS = YES;
				CLANG_WARN_DIRECT_OBJC_ISA_USAGE = YES_ERROR;
				CLANG_WARN_DOCUMENTATION_COMMENTS = YES;
				CLANG_WARN_EMPTY_BODY = YES;
				CLANG_WARN_ENUM_CONVERSION = YES;
				CLANG_WARN_INFINITE_RECURSION = YES;
				CLANG_WARN_INT_CONVERSION = YES;
				CLANG_WARN_NON_LITERAL_NULL_CONVERSION = YES;
				CLANG_WARN_OBJC_IMPLICIT_RETAIN_SELF = YES;
				CLANG_WARN_OBJC_LITERAL_CONVERSION = YES;
				CLANG_WARN_OBJC_ROOT_CLASS = YES_ERROR;
				CLANG_WARN_QUOTED_INCLUDE_IN_FRAMEWORK_HEADER = YES;
				CLANG_WARN_RANGE_LOOP_ANALYSIS = YES;
				CLANG_WARN_STRICT_PROTOTYPES = YES;
				CLANG_WARN_SUSPICIOUS_MOVE = YES;
				CLANG_WARN_UNGUARDED_AVAILABILITY = YES_AGGRESSIVE;
				CLANG_WARN_UNREACHABLE_CODE = YES;
				CLANG_WARN__DUPLICATE_METHOD_MATCH = YES;
				COPY_PHASE_STRIP = NO;
				DEBUG_INFORMATION_FORMAT = "dwarf-with-dsym";
				ENABLE_NS_ASSERTIONS = NO;
				ENABLE_STRICT_OBJC_MSGSEND = YES;
				GCC_C_LANGUAGE_STANDARD = gnu11;
				GCC_NO_COMMON_BLOCKS = YES;
				GCC_WARN_64_TO_32_BIT_CONVERSION = YES;
				GCC_WARN_ABOUT_RETURN_TYPE = YES_ERROR;
				GCC_WARN_UNDECLARED_SELECTOR = YES;
				GCC_WARN_UNINITIALIZED_AUTOS = YES_AGGRESSIVE;
				GCC_WARN_UNUSED_FUNCTION = YES;
				GCC_WARN_UNUSED_VARIABLE = YES;
				IPHONEOS_DEPLOYMENT_TARGET = 15.0;
				MTL_ENABLE_DEBUG_INFO = NO;
				MTL_FAST_MATH = YES;
				SDKROOT = iphoneos;
				SWIFT_COMPILATION_MODE = wholemodule;
				SWIFT_OPTIMIZATION_LEVEL = "-O";
				VALIDATE_PRODUCT = YES;
			};
			name = Release;
		};
		3F0C89E52A447387005A5613 /* Debug */ = {
			isa = XCBuildConfiguration;
			buildSettings = {
				ASSETCATALOG_COMPILER_APPICON_NAME = AppIcon;
				ASSETCATALOG_COMPILER_GLOBAL_ACCENT_COLOR_NAME = AccentColor;
				CODE_SIGN_STYLE = Automatic;
				CURRENT_PROJECT_VERSION = 1;
				DEVELOPMENT_TEAM = YZU63GB4P5;
				GENERATE_INFOPLIST_FILE = YES;
				INFOPLIST_FILE = "pizza-demo/App/Info.plist";
				INFOPLIST_KEY_UIApplicationSupportsIndirectInputEvents = YES;
				INFOPLIST_KEY_UILaunchStoryboardName = LaunchScreen;
				INFOPLIST_KEY_UIRequiresFullScreen = YES;
				INFOPLIST_KEY_UISupportedInterfaceOrientations = UIInterfaceOrientationPortrait;
				IPHONEOS_DEPLOYMENT_TARGET = 15.0;
				LD_RUNPATH_SEARCH_PATHS = (
					"$(inherited)",
					"@executable_path/Frameworks",
				);
				MARKETING_VERSION = 1.0;
				PRODUCT_BUNDLE_IDENTIFIER = "com.khabibullet.pizza-demo";
				PRODUCT_NAME = "$(TARGET_NAME)";
				SUPPORTED_PLATFORMS = "iphoneos iphonesimulator";
				SUPPORTS_MACCATALYST = NO;
				SUPPORTS_MAC_DESIGNED_FOR_IPHONE_IPAD = NO;
				SWIFT_EMIT_LOC_STRINGS = YES;
				SWIFT_VERSION = 5.0;
				TARGETED_DEVICE_FAMILY = "1,2";
			};
			name = Debug;
		};
		3F0C89E62A447387005A5613 /* Release */ = {
			isa = XCBuildConfiguration;
			buildSettings = {
				ASSETCATALOG_COMPILER_APPICON_NAME = AppIcon;
				ASSETCATALOG_COMPILER_GLOBAL_ACCENT_COLOR_NAME = AccentColor;
				CODE_SIGN_STYLE = Automatic;
				CURRENT_PROJECT_VERSION = 1;
				DEVELOPMENT_TEAM = YZU63GB4P5;
				GENERATE_INFOPLIST_FILE = YES;
				INFOPLIST_FILE = "pizza-demo/App/Info.plist";
				INFOPLIST_KEY_UIApplicationSupportsIndirectInputEvents = YES;
				INFOPLIST_KEY_UILaunchStoryboardName = LaunchScreen;
				INFOPLIST_KEY_UIRequiresFullScreen = YES;
				INFOPLIST_KEY_UISupportedInterfaceOrientations = UIInterfaceOrientationPortrait;
				IPHONEOS_DEPLOYMENT_TARGET = 15.0;
				LD_RUNPATH_SEARCH_PATHS = (
					"$(inherited)",
					"@executable_path/Frameworks",
				);
				MARKETING_VERSION = 1.0;
				PRODUCT_BUNDLE_IDENTIFIER = "com.khabibullet.pizza-demo";
				PRODUCT_NAME = "$(TARGET_NAME)";
				SUPPORTED_PLATFORMS = "iphoneos iphonesimulator";
				SUPPORTS_MACCATALYST = NO;
				SUPPORTS_MAC_DESIGNED_FOR_IPHONE_IPAD = NO;
				SWIFT_EMIT_LOC_STRINGS = YES;
				SWIFT_VERSION = 5.0;
				TARGETED_DEVICE_FAMILY = "1,2";
			};
			name = Release;
		};
/* End XCBuildConfiguration section */

/* Begin XCConfigurationList section */
		3F0C89CB2A44737F005A5613 /* Build configuration list for PBXProject "pizza-demo" */ = {
			isa = XCConfigurationList;
			buildConfigurations = (
				3F0C89E22A447387005A5613 /* Debug */,
				3F0C89E32A447387005A5613 /* Release */,
			);
			defaultConfigurationIsVisible = 0;
			defaultConfigurationName = Release;
		};
		3F0C89E42A447387005A5613 /* Build configuration list for PBXNativeTarget "pizza-demo" */ = {
			isa = XCConfigurationList;
			buildConfigurations = (
				3F0C89E52A447387005A5613 /* Debug */,
				3F0C89E62A447387005A5613 /* Release */,
			);
			defaultConfigurationIsVisible = 0;
			defaultConfigurationName = Release;
		};
/* End XCConfigurationList section */

/* Begin XCRemoteSwiftPackageReference section */
		3F0C8A202A44CB86005A5613 /* XCRemoteSwiftPackageReference "realm-swift" */ = {
			isa = XCRemoteSwiftPackageReference;
			repositoryURL = "https://github.com/realm/realm-swift";
			requirement = {
				branch = master;
				kind = branch;
			};
		};
/* End XCRemoteSwiftPackageReference section */

/* Begin XCSwiftPackageProductDependency section */
		3F0C8A212A44CB86005A5613 /* RealmSwift */ = {
			isa = XCSwiftPackageProductDependency;
			package = 3F0C8A202A44CB86005A5613 /* XCRemoteSwiftPackageReference "realm-swift" */;
			productName = RealmSwift;
		};
/* End XCSwiftPackageProductDependency section */
	};
	rootObject = 3F0C89C82A44737F005A5613 /* Project object */;
}
